
Microsoft Visual Studio Solution File, Format Version 12.00
# Visual Studio Version 17
VisualStudioVersion = 17.8.34330.188
MinimumVisualStudioVersion = 10.0.40219.1
Project("{FAE04EC0-301F-11D3-BF4B-00C04F79EFBC}") = "WebApplicationM06_04_01ProgramarAPI", "WebApplicationM06_04_01ProgramarAPI\WebApplicationM06_04_01ProgramarAPI.csproj", "{87019B94-C985-4462-BF61-A48296ABD2A2}"
EndProject
Global
	GlobalSection(SolutionConfigurationPlatforms) = preSolution
		Debug|Any CPU = Debug|Any CPU
		Release|Any CPU = Release|Any CPU
	EndGlobalSection
	GlobalSection(ProjectConfigurationPlatforms) = postSolution
		{87019B94-C985-4462-BF61-A48296ABD2A2}.Debug|Any CPU.ActiveCfg = Debug|Any CPU
		{87019B94-C985-4462-BF61-A48296ABD2A2}.Debug|Any CPU.Build.0 = Debug|Any CPU
		{87019B94-C985-4462-BF61-A48296ABD2A2}.Release|Any CPU.ActiveCfg = Release|Any CPU
		{87019B94-C985-4462-BF61-A48296ABD2A2}.Release|Any CPU.Build.0 = Release|Any CPU
	EndGlobalSection
	GlobalSection(SolutionProperties) = preSolution
		HideSolutionNode = FALSE
	EndGlobalSection
	GlobalSection(ExtensibilityGlobals) = postSolution
		SolutionGuid = {3D89A0C1-EE7B-4B2B-9292-335C7D3DF1D6}
	EndGlobalSection
EndGlobal
